// !$*UTF8*$!
{
	archiveVersion = 1;
	classes = {
	};
	objectVersion = 56;
	objects = {

/* Begin PBXBuildFile section */
		C81F2B4B29CEE0D700CE1220 /* LandmarksApp.swift in Sources */ = {isa = PBXBuildFile; fileRef = C81F2B4A29CEE0D700CE1220 /* LandmarksApp.swift */; };
		C81F2B4D29CEE0D700CE1220 /* ContentView.swift in Sources */ = {isa = PBXBuildFile; fileRef = C81F2B4C29CEE0D700CE1220 /* ContentView.swift */; };
		C81F2B4F29CEE0D800CE1220 /* Assets.xcassets in Resources */ = {isa = PBXBuildFile; fileRef = C81F2B4E29CEE0D800CE1220 /* Assets.xcassets */; };
		C81F2B5229CEE0D800CE1220 /* Preview Assets.xcassets in Resources */ = {isa = PBXBuildFile; fileRef = C81F2B5129CEE0D800CE1220 /* Preview Assets.xcassets */; };
		C835135A29CEF431006CE65B /* CircleImage.swift in Sources */ = {isa = PBXBuildFile; fileRef = C835135929CEF431006CE65B /* CircleImage.swift */; };
		C83606CB29D060E5001BC258 /* landmarkData.json in Resources */ = {isa = PBXBuildFile; fileRef = C83606CA29D060E5001BC258 /* landmarkData.json */; };
		C83606CD29D0612A001BC258 /* Landmark.swift in Sources */ = {isa = PBXBuildFile; fileRef = C83606CC29D0612A001BC258 /* Landmark.swift */; };
		C83606CF29D062AC001BC258 /* ModelData.swift in Sources */ = {isa = PBXBuildFile; fileRef = C83606CE29D062AC001BC258 /* ModelData.swift */; };
		C83606D629D064E0001BC258 /* LandmarkRow.swift in Sources */ = {isa = PBXBuildFile; fileRef = C83606D529D064E0001BC258 /* LandmarkRow.swift */; };
		C83606D829D0667A001BC258 /* LandmarkList.swift in Sources */ = {isa = PBXBuildFile; fileRef = C83606D729D0667A001BC258 /* LandmarkList.swift */; };
		C83606DE29D06A37001BC258 /* LandmarkDetail.swift in Sources */ = {isa = PBXBuildFile; fileRef = C83606DD29D06A37001BC258 /* LandmarkDetail.swift */; };
		C8CE499829CEFA5A00B6CB87 /* MapView.swift in Sources */ = {isa = PBXBuildFile; fileRef = C8CE499729CEFA5A00B6CB87 /* MapView.swift */; };
/* End PBXBuildFile section */

/* Begin PBXFileReference section */
		C81F2B4729CEE0D700CE1220 /* Landmarks.app */ = {isa = PBXFileReference; explicitFileType = wrapper.application; includeInIndex = 0; path = Landmarks.app; sourceTree = BUILT_PRODUCTS_DIR; };
		C81F2B4A29CEE0D700CE1220 /* LandmarksApp.swift */ = {isa = PBXFileReference; lastKnownFileType = sourcecode.swift; path = LandmarksApp.swift; sourceTree = "<group>"; };
		C81F2B4C29CEE0D700CE1220 /* ContentView.swift */ = {isa = PBXFileReference; lastKnownFileType = sourcecode.swift; path = ContentView.swift; sourceTree = "<group>"; };
		C81F2B4E29CEE0D800CE1220 /* Assets.xcassets */ = {isa = PBXFileReference; lastKnownFileType = folder.assetcatalog; path = Assets.xcassets; sourceTree = "<group>"; };
		C81F2B5129CEE0D800CE1220 /* Preview Assets.xcassets */ = {isa = PBXFileReference; lastKnownFileType = folder.assetcatalog; path = "Preview Assets.xcassets"; sourceTree = "<group>"; };
		C835135929CEF431006CE65B /* CircleImage.swift */ = {isa = PBXFileReference; lastKnownFileType = sourcecode.swift; path = CircleImage.swift; sourceTree = "<group>"; };
		C83606CA29D060E5001BC258 /* landmarkData.json */ = {isa = PBXFileReference; fileEncoding = 4; lastKnownFileType = text.json; path = landmarkData.json; sourceTree = "<group>"; };
		C83606CC29D0612A001BC258 /* Landmark.swift */ = {isa = PBXFileReference; lastKnownFileType = sourcecode.swift; path = Landmark.swift; sourceTree = "<group>"; };
		C83606CE29D062AC001BC258 /* ModelData.swift */ = {isa = PBXFileReference; lastKnownFileType = sourcecode.swift; path = ModelData.swift; sourceTree = "<group>"; };
		C83606D529D064E0001BC258 /* LandmarkRow.swift */ = {isa = PBXFileReference; lastKnownFileType = sourcecode.swift; path = LandmarkRow.swift; sourceTree = "<group>"; };
		C83606D729D0667A001BC258 /* LandmarkList.swift */ = {isa = PBXFileReference; lastKnownFileType = sourcecode.swift; path = LandmarkList.swift; sourceTree = "<group>"; };
		C83606DD29D06A37001BC258 /* LandmarkDetail.swift */ = {isa = PBXFileReference; lastKnownFileType = sourcecode.swift; path = LandmarkDetail.swift; sourceTree = "<group>"; };
		C8CE499729CEFA5A00B6CB87 /* MapView.swift */ = {isa = PBXFileReference; lastKnownFileType = sourcecode.swift; path = MapView.swift; sourceTree = "<group>"; };
/* End PBXFileReference section */

/* Begin PBXFrameworksBuildPhase section */
		C81F2B4429CEE0D700CE1220 /* Frameworks */ = {
			isa = PBXFrameworksBuildPhase;
			buildActionMask = 2147483647;
			files = (
			);
			runOnlyForDeploymentPostprocessing = 0;
		};
/* End PBXFrameworksBuildPhase section */

/* Begin PBXGroup section */
		C81F2B3E29CEE0D700CE1220 = {
			isa = PBXGroup;
			children = (
				C81F2B4929CEE0D700CE1220 /* Landmarks */,
				C81F2B4829CEE0D700CE1220 /* Products */,
			);
			sourceTree = "<group>";
		};
		C81F2B4829CEE0D700CE1220 /* Products */ = {
			isa = PBXGroup;
			children = (
				C81F2B4729CEE0D700CE1220 /* Landmarks.app */,
			);
			name = Products;
			sourceTree = "<group>";
		};
		C81F2B4929CEE0D700CE1220 /* Landmarks */ = {
			isa = PBXGroup;
			children = (
				C83606D229D06463001BC258 /* Resources */,
				C81F2B4A29CEE0D700CE1220 /* LandmarksApp.swift */,
				C83606D129D06433001BC258 /* Model */,
				C83606D029D06416001BC258 /* Views */,
				C81F2B4E29CEE0D800CE1220 /* Assets.xcassets */,
				C81F2B5029CEE0D800CE1220 /* Preview Content */,
			);
			path = Landmarks;
			sourceTree = "<group>";
		};
		C81F2B5029CEE0D800CE1220 /* Preview Content */ = {
			isa = PBXGroup;
			children = (
				C81F2B5129CEE0D800CE1220 /* Preview Assets.xcassets */,
			);
			path = "Preview Content";
			sourceTree = "<group>";
		};
		C83606D029D06416001BC258 /* Views */ = {
			isa = PBXGroup;
			children = (
				C835135929CEF431006CE65B /* CircleImage.swift */,
				C81F2B4C29CEE0D700CE1220 /* ContentView.swift */,
				C8CE499729CEFA5A00B6CB87 /* MapView.swift */,
				C83606D529D064E0001BC258 /* LandmarkRow.swift */,
				C83606D729D0667A001BC258 /* LandmarkList.swift */,
				C83606DD29D06A37001BC258 /* LandmarkDetail.swift */,
			);
			path = Views;
			sourceTree = "<group>";
		};
		C83606D129D06433001BC258 /* Model */ = {
			isa = PBXGroup;
			children = (
				C83606CE29D062AC001BC258 /* ModelData.swift */,
				C83606CC29D0612A001BC258 /* Landmark.swift */,
			);
			path = Model;
			sourceTree = "<group>";
		};
		C83606D229D06463001BC258 /* Resources */ = {
			isa = PBXGroup;
			children = (
				C83606CA29D060E5001BC258 /* landmarkData.json */,
			);
			path = Resources;
			sourceTree = "<group>";
		};
/* End PBXGroup section */

/* Begin PBXNativeTarget section */
		C81F2B4629CEE0D700CE1220 /* Landmarks */ = {
			isa = PBXNativeTarget;
			buildConfigurationList = C81F2B5529CEE0D800CE1220 /* Build configuration list for PBXNativeTarget "Landmarks" */;
			buildPhases = (
				C81F2B4329CEE0D700CE1220 /* Sources */,
				C81F2B4429CEE0D700CE1220 /* Frameworks */,
				C81F2B4529CEE0D700CE1220 /* Resources */,
			);
			buildRules = (
			);
			dependencies = (
			);
			name = Landmarks;
			productName = Landmarks;
			productReference = C81F2B4729CEE0D700CE1220 /* Landmarks.app */;
			productType = "com.apple.product-type.application";
		};
/* End PBXNativeTarget section */

/* Begin PBXProject section */
		C81F2B3F29CEE0D700CE1220 /* Project object */ = {
			isa = PBXProject;
			attributes = {
				BuildIndependentTargetsInParallel = 1;
				LastSwiftUpdateCheck = 1420;
				LastUpgradeCheck = 1420;
				TargetAttributes = {
					C81F2B4629CEE0D700CE1220 = {
						CreatedOnToolsVersion = 14.2;
					};
				};
			};
			buildConfigurationList = C81F2B4229CEE0D700CE1220 /* Build configuration list for PBXProject "Landmarks" */;
			compatibilityVersion = "Xcode 14.0";
			developmentRegion = en;
			hasScannedForEncodings = 0;
			knownRegions = (
				en,
				Base,
			);
			mainGroup = C81F2B3E29CEE0D700CE1220;
			productRefGroup = C81F2B4829CEE0D700CE1220 /* Products */;
			projectDirPath = "";
			projectRoot = "";
			targets = (
				C81F2B4629CEE0D700CE1220 /* Landmarks */,
			);
		};
/* End PBXProject section */

/* Begin PBXResourcesBuildPhase section */
		C81F2B4529CEE0D700CE1220 /* Resources */ = {
			isa = PBXResourcesBuildPhase;
			buildActionMask = 2147483647;
			files = (
				C81F2B5229CEE0D800CE1220 /* Preview Assets.xcassets in Resources */,
				C81F2B4F29CEE0D800CE1220 /* Assets.xcassets in Resources */,
				C83606CB29D060E5001BC258 /* landmarkData.json in Resources */,
			);
			runOnlyForDeploymentPostprocessing = 0;
		};
/* End PBXResourcesBuildPhase section */

/* Begin PBXSourcesBuildPhase section */
		C81F2B4329CEE0D700CE1220 /* Sources */ = {
			isa = PBXSourcesBuildPhase;
			buildActionMask = 2147483647;
			files = (
				C81F2B4D29CEE0D700CE1220 /* ContentView.swift in Sources */,
				C8CE499829CEFA5A00B6CB87 /* MapView.swift in Sources */,
				C81F2B4B29CEE0D700CE1220 /* LandmarksApp.swift in Sources */,
				C83606D829D0667A001BC258 /* LandmarkList.swift in Sources */,
				C83606DE29D06A37001BC258 /* LandmarkDetail.swift in Sources */,
				C835135A29CEF431006CE65B /* CircleImage.swift in Sources */,
				C83606CD29D0612A001BC258 /* Landmark.swift in Sources */,
				C83606D629D064E0001BC258 /* LandmarkRow.swift in Sources */,
				C83606CF29D062AC001BC258 /* ModelData.swift in Sources */,
			);
			runOnlyForDeploymentPostprocessing = 0;
		};
/* End PBXSourcesBuildPhase section */

/* Begin XCBuildConfiguration section */
		C81F2B5329CEE0D800CE1220 /* Debug */ = {
			isa = XCBuildConfiguration;
			buildSettings = {
				ALWAYS_SEARCH_USER_PATHS = NO;
				CLANG_ANALYZER_NONNULL = YES;
				CLANG_ANALYZER_NUMBER_OBJECT_CONVERSION = YES_AGGRESSIVE;
				CLANG_CXX_LANGUAGE_STANDARD = "gnu++20";
				CLANG_ENABLE_MODULES = YES;
				CLANG_ENABLE_OBJC_ARC = YES;
				CLANG_ENABLE_OBJC_WEAK = YES;
				CLANG_WARN_BLOCK_CAPTURE_AUTORELEASING = YES;
				CLANG_WARN_BOOL_CONVERSION = YES;
				CLANG_WARN_COMMA = YES;
				CLANG_WARN_CONSTANT_CONVERSION = YES;
				CLANG_WARN_DEPRECATED_OBJC_IMPLEMENTATIONS = YES;
				CLANG_WARN_DIRECT_OBJC_ISA_USAGE = YES_ERROR;
				CLANG_WARN_DOCUMENTATION_COMMENTS = YES;
				CLANG_WARN_EMPTY_BODY = YES;
				CLANG_WARN_ENUM_CONVERSION = YES;
				CLANG_WARN_INFINITE_RECURSION = YES;
				CLANG_WARN_INT_CONVERSION = YES;
				CLANG_WARN_NON_LITERAL_NULL_CONVERSION = YES;
				CLANG_WARN_OBJC_IMPLICIT_RETAIN_SELF = YES;
				CLANG_WARN_OBJC_LITERAL_CONVERSION = YES;
				CLANG_WARN_OBJC_ROOT_CLASS = YES_ERROR;
				CLANG_WARN_QUOTED_INCLUDE_IN_FRAMEWORK_HEADER = YES;
				CLANG_WARN_RANGE_LOOP_ANALYSIS = YES;
				CLANG_WARN_STRICT_PROTOTYPES = YES;
				CLANG_WARN_SUSPICIOUS_MOVE = YES;
				CLANG_WARN_UNGUARDED_AVAILABILITY = YES_AGGRESSIVE;
				CLANG_WARN_UNREACHABLE_CODE = YES;
				CLANG_WARN__DUPLICATE_METHOD_MATCH = YES;
				COPY_PHASE_STRIP = NO;
				DEBUG_INFORMATION_FORMAT = dwarf;
				ENABLE_STRICT_OBJC_MSGSEND = YES;
				ENABLE_TESTABILITY = YES;
				GCC_C_LANGUAGE_STANDARD = gnu11;
				GCC_DYNAMIC_NO_PIC = NO;
				GCC_NO_COMMON_BLOCKS = YES;
				GCC_OPTIMIZATION_LEVEL = 0;
				GCC_PREPROCESSOR_DEFINITIONS = (
					"DEBUG=1",
					"$(inherited)",
				);
				GCC_WARN_64_TO_32_BIT_CONVERSION = YES;
				GCC_WARN_ABOUT_RETURN_TYPE = YES_ERROR;
				GCC_WARN_UNDECLARED_SELECTOR = YES;
				GCC_WARN_UNINITIALIZED_AUTOS = YES_AGGRESSIVE;
				GCC_WARN_UNUSED_FUNCTION = YES;
				GCC_WARN_UNUSED_VARIABLE = YES;
				IPHONEOS_DEPLOYMENT_TARGET = 16.2;
				MTL_ENABLE_DEBUG_INFO = INCLUDE_SOURCE;
				MTL_FAST_MATH = YES;
				ONLY_ACTIVE_ARCH = YES;
				SDKROOT = iphoneos;
				SWIFT_ACTIVE_COMPILATION_CONDITIONS = DEBUG;
				SWIFT_OPTIMIZATION_LEVEL = "-Onone";
			};
			name = Debug;
		};
		C81F2B5429CEE0D800CE1220 /* Release */ = {
			isa = XCBuildConfiguration;
			buildSettings = {
				ALWAYS_SEARCH_USER_PATHS = NO;
				CLANG_ANALYZER_NONNULL = YES;
				CLANG_ANALYZER_NUMBER_OBJECT_CONVERSION = YES_AGGRESSIVE;
				CLANG_CXX_LANGUAGE_STANDARD = "gnu++20";
				CLANG_ENABLE_MODULES = YES;
				CLANG_ENABLE_OBJC_ARC = YES;
				CLANG_ENABLE_OBJC_WEAK = YES;
				CLANG_WARN_BLOCK_CAPTURE_AUTORELEASING = YES;
				CLANG_WARN_BOOL_CONVERSION = YES;
				CLANG_WARN_COMMA = YES;
				CLANG_WARN_CONSTANT_CONVERSION = YES;
				CLANG_WARN_DEPRECATED_OBJC_IMPLEMENTATIONS = YES;
				CLANG_WARN_DIRECT_OBJC_ISA_USAGE = YES_ERROR;
				CLANG_WARN_DOCUMENTATION_COMMENTS = YES;
				CLANG_WARN_EMPTY_BODY = YES;
				CLANG_WARN_ENUM_CONVERSION = YES;
				CLANG_WARN_INFINITE_RECURSION = YES;
				CLANG_WARN_INT_CONVERSION = YES;
				CLANG_WARN_NON_LITERAL_NULL_CONVERSION = YES;
				CLANG_WARN_OBJC_IMPLICIT_RETAIN_SELF = YES;
				CLANG_WARN_OBJC_LITERAL_CONVERSION = YES;
				CLANG_WARN_OBJC_ROOT_CLASS = YES_ERROR;
				CLANG_WARN_QUOTED_INCLUDE_IN_FRAMEWORK_HEADER = YES;
				CLANG_WARN_RANGE_LOOP_ANALYSIS = YES;
				CLANG_WARN_STRICT_PROTOTYPES = YES;
				CLANG_WARN_SUSPICIOUS_MOVE = YES;
				CLANG_WARN_UNGUARDED_AVAILABILITY = YES_AGGRESSIVE;
				CLANG_WARN_UNREACHABLE_CODE = YES;
				CLANG_WARN__DUPLICATE_METHOD_MATCH = YES;
				COPY_PHASE_STRIP = NO;
				DEBUG_INFORMATION_FORMAT = "dwarf-with-dsym";
				ENABLE_NS_ASSERTIONS = NO;
				ENABLE_STRICT_OBJC_MSGSEND = YES;
				GCC_C_LANGUAGE_STANDARD = gnu11;
				GCC_NO_COMMON_BLOCKS = YES;
				GCC_WARN_64_TO_32_BIT_CONVERSION = YES;
				GCC_WARN_ABOUT_RETURN_TYPE = YES_ERROR;
				GCC_WARN_UNDECLARED_SELECTOR = YES;
				GCC_WARN_UNINITIALIZED_AUTOS = YES_AGGRESSIVE;
				GCC_WARN_UNUSED_FUNCTION = YES;
				GCC_WARN_UNUSED_VARIABLE = YES;
				IPHONEOS_DEPLOYMENT_TARGET = 16.2;
				MTL_ENABLE_DEBUG_INFO = NO;
				MTL_FAST_MATH = YES;
				SDKROOT = iphoneos;
				SWIFT_COMPILATION_MODE = wholemodule;
				SWIFT_OPTIMIZATION_LEVEL = "-O";
				VALIDATE_PRODUCT = YES;
			};
			name = Release;
		};
		C81F2B5629CEE0D800CE1220 /* Debug */ = {
			isa = XCBuildConfiguration;
			buildSettings = {
				ASSETCATALOG_COMPILER_APPICON_NAME = AppIcon;
				ASSETCATALOG_COMPILER_GLOBAL_ACCENT_COLOR_NAME = AccentColor;
				CODE_SIGN_STYLE = Automatic;
				CURRENT_PROJECT_VERSION = 1;
				DEVELOPMENT_ASSET_PATHS = "\"Landmarks/Preview Content\"";
				ENABLE_PREVIEWS = YES;
				GENERATE_INFOPLIST_FILE = YES;
				INFOPLIST_KEY_UIApplicationSceneManifest_Generation = YES;
				INFOPLIST_KEY_UIApplicationSupportsIndirectInputEvents = YES;
				INFOPLIST_KEY_UILaunchScreen_Generation = YES;
				INFOPLIST_KEY_UISupportedInterfaceOrientations_iPad = "UIInterfaceOrientationPortrait UIInterfaceOrientationPortraitUpsideDown UIInterfaceOrientationLandscapeLeft UIInterfaceOrientationLandscapeRight";
				INFOPLIST_KEY_UISupportedInterfaceOrientations_iPhone = "UIInterfaceOrientationPortrait UIInterfaceOrientationLandscapeLeft UIInterfaceOrientationLandscapeRight";
				LD_RUNPATH_SEARCH_PATHS = (
					"$(inherited)",
					"@executable_path/Frameworks",
				);
				MARKETING_VERSION = 1.0;
				PRODUCT_BUNDLE_IDENTIFIER = com.Sierra.Landmarks;
				PRODUCT_NAME = "$(TARGET_NAME)";
				SWIFT_EMIT_LOC_STRINGS = YES;
				SWIFT_VERSION = 5.0;
				TARGETED_DEVICE_FAMILY = "1,2";
			};
			name = Debug;
		};
		C81F2B5729CEE0D800CE1220 /* Release */ = {
			isa = XCBuildConfiguration;
			buildSettings = {
				ASSETCATALOG_COMPILER_APPICON_NAME = AppIcon;
				ASSETCATALOG_COMPILER_GLOBAL_ACCENT_COLOR_NAME = AccentColor;
				CODE_SIGN_STYLE = Automatic;
				CURRENT_PROJECT_VERSION = 1;
				DEVELOPMENT_ASSET_PATHS = "\"Landmarks/Preview Content\"";
				ENABLE_PREVIEWS = YES;
				GENERATE_INFOPLIST_FILE = YES;
				INFOPLIST_KEY_UIApplicationSceneManifest_Generation = YES;
				INFOPLIST_KEY_UIApplicationSupportsIndirectInputEvents = YES;
				INFOPLIST_KEY_UILaunchScreen_Generation = YES;
				INFOPLIST_KEY_UISupportedInterfaceOrientations_iPad = "UIInterfaceOrientationPortrait UIInterfaceOrientationPortraitUpsideDown UIInterfaceOrientationLandscapeLeft UIInterfaceOrientationLandscapeRight";
				INFOPLIST_KEY_UISupportedInterfaceOrientations_iPhone = "UIInterfaceOrientationPortrait UIInterfaceOrientationLandscapeLeft UIInterfaceOrientationLandscapeRight";
				LD_RUNPATH_SEARCH_PATHS = (
					"$(inherited)",
					"@executable_path/Frameworks",
				);
				MARKETING_VERSION = 1.0;
				PRODUCT_BUNDLE_IDENTIFIER = com.Sierra.Landmarks;
				PRODUCT_NAME = "$(TARGET_NAME)";
				SWIFT_EMIT_LOC_STRINGS = YES;
				SWIFT_VERSION = 5.0;
				TARGETED_DEVICE_FAMILY = "1,2";
			};
			name = Release;
		};
/* End XCBuildConfiguration section */

/* Begin XCConfigurationList section */
		C81F2B4229CEE0D700CE1220 /* Build configuration list for PBXProject "Landmarks" */ = {
			isa = XCConfigurationList;
			buildConfigurations = (
				C81F2B5329CEE0D800CE1220 /* Debug */,
				C81F2B5429CEE0D800CE1220 /* Release */,
			);
			defaultConfigurationIsVisible = 0;
			defaultConfigurationName = Release;
		};
		C81F2B5529CEE0D800CE1220 /* Build configuration list for PBXNativeTarget "Landmarks" */ = {
			isa = XCConfigurationList;
			buildConfigurations = (
				C81F2B5629CEE0D800CE1220 /* Debug */,
				C81F2B5729CEE0D800CE1220 /* Release */,
			);
			defaultConfigurationIsVisible = 0;
			defaultConfigurationName = Release;
		};
/* End XCConfigurationList section */
	};
	rootObject = C81F2B3F29CEE0D700CE1220 /* Project object */;
}
